
Microsoft Visual Studio Solution File, Format Version 12.00
# Visual Studio Version 16
VisualStudioVersion = 16.0.32407.337
MinimumVisualStudioVersion = 10.0.40219.1
Project("{FAE04EC0-301F-11D3-BF4B-00C04F79EFBC}") = "VariablesAndDataTypes", "VariablesAndDataTypes\VariablesAndDataTypes.csproj", "{C62B47E8-3F49-4C42-AAD5-745FD9664AFE}"
EndProject
Global
	GlobalSection(SolutionConfigurationPlatforms) = preSolution
		Debug|Any CPU = Debug|Any CPU
		Release|Any CPU = Release|Any CPU
	EndGlobalSection
	GlobalSection(ProjectConfigurationPlatforms) = postSolution
		{C62B47E8-3F49-4C42-AAD5-745FD9664AFE}.Debug|Any CPU.ActiveCfg = Debug|Any CPU
		{C62B47E8-3F49-4C42-AAD5-745FD9664AFE}.Debug|Any CPU.Build.0 = Debug|Any CPU
		{C62B47E8-3F49-4C42-AAD5-745FD9664AFE}.Release|Any CPU.ActiveCfg = Release|Any CPU
		{C62B47E8-3F49-4C42-AAD5-745FD9664AFE}.Release|Any CPU.Build.0 = Release|Any CPU
	EndGlobalSection
	GlobalSection(SolutionProperties) = preSolution
		HideSolutionNode = FALSE
	EndGlobalSection
	GlobalSection(ExtensibilityGlobals) = postSolution
		SolutionGuid = {26AF976B-1A28-4719-95FD-1F908FBEF607}
	EndGlobalSection
EndGlobal
