
Microsoft Visual Studio Solution File, Format Version 12.00
# Visual Studio Version 16
VisualStudioVersion = 16.0.32407.337
MinimumVisualStudioVersion = 10.0.40219.1
Project("{FAE04EC0-301F-11D3-BF4B-00C04F79EFBC}") = "CarInsurance", "CarInsurance\CarInsurance.csproj", "{96FE8494-628E-40AE-8FD4-EFE6EF1542BE}"
EndProject
Global
	GlobalSection(SolutionConfigurationPlatforms) = preSolution
		Debug|Any CPU = Debug|Any CPU
		Release|Any CPU = Release|Any CPU
	EndGlobalSection
	GlobalSection(ProjectConfigurationPlatforms) = postSolution
		{96FE8494-628E-40AE-8FD4-EFE6EF1542BE}.Debug|Any CPU.ActiveCfg = Debug|Any CPU
		{96FE8494-628E-40AE-8FD4-EFE6EF1542BE}.Debug|Any CPU.Build.0 = Debug|Any CPU
		{96FE8494-628E-40AE-8FD4-EFE6EF1542BE}.Release|Any CPU.ActiveCfg = Release|Any CPU
		{96FE8494-628E-40AE-8FD4-EFE6EF1542BE}.Release|Any CPU.Build.0 = Release|Any CPU
	EndGlobalSection
	GlobalSection(SolutionProperties) = preSolution
		HideSolutionNode = FALSE
	EndGlobalSection
	GlobalSection(ExtensibilityGlobals) = postSolution
		SolutionGuid = {BD93936F-8900-4F69-9F1A-11BF7538122F}
	EndGlobalSection
EndGlobal
