
Microsoft Visual Studio Solution File, Format Version 12.00
# Visual Studio Version 16
VisualStudioVersion = 16.0.32407.337
MinimumVisualStudioVersion = 10.0.40219.1
Project("{FAE04EC0-301F-11D3-BF4B-00C04F79EFBC}") = "StringAssignment", "StringAssignment\StringAssignment.csproj", "{F757565D-3C41-4858-8C3A-6E9F4A6AD0D0}"
EndProject
Global
	GlobalSection(SolutionConfigurationPlatforms) = preSolution
		Debug|Any CPU = Debug|Any CPU
		Release|Any CPU = Release|Any CPU
	EndGlobalSection
	GlobalSection(ProjectConfigurationPlatforms) = postSolution
		{F757565D-3C41-4858-8C3A-6E9F4A6AD0D0}.Debug|Any CPU.ActiveCfg = Debug|Any CPU
		{F757565D-3C41-4858-8C3A-6E9F4A6AD0D0}.Debug|Any CPU.Build.0 = Debug|Any CPU
		{F757565D-3C41-4858-8C3A-6E9F4A6AD0D0}.Release|Any CPU.ActiveCfg = Release|Any CPU
		{F757565D-3C41-4858-8C3A-6E9F4A6AD0D0}.Release|Any CPU.Build.0 = Release|Any CPU
	EndGlobalSection
	GlobalSection(SolutionProperties) = preSolution
		HideSolutionNode = FALSE
	EndGlobalSection
	GlobalSection(ExtensibilityGlobals) = postSolution
		SolutionGuid = {4568638C-C02F-4047-A95D-97A302BEA6D0}
	EndGlobalSection
EndGlobal
