
Microsoft Visual Studio Solution File, Format Version 12.00
# Visual Studio Version 16
VisualStudioVersion = 16.0.32407.337
MinimumVisualStudioVersion = 10.0.40219.1
Project("{FAE04EC0-301F-11D3-BF4B-00C04F79EFBC}") = "MathAndComparisonOperators", "MathAndComparisonOperators\MathAndComparisonOperators.csproj", "{4AE0B68D-9ADE-4D82-919C-62BBA34E7F3F}"
EndProject
Global
	GlobalSection(SolutionConfigurationPlatforms) = preSolution
		Debug|Any CPU = Debug|Any CPU
		Release|Any CPU = Release|Any CPU
	EndGlobalSection
	GlobalSection(ProjectConfigurationPlatforms) = postSolution
		{4AE0B68D-9ADE-4D82-919C-62BBA34E7F3F}.Debug|Any CPU.ActiveCfg = Debug|Any CPU
		{4AE0B68D-9ADE-4D82-919C-62BBA34E7F3F}.Debug|Any CPU.Build.0 = Debug|Any CPU
		{4AE0B68D-9ADE-4D82-919C-62BBA34E7F3F}.Release|Any CPU.ActiveCfg = Release|Any CPU
		{4AE0B68D-9ADE-4D82-919C-62BBA34E7F3F}.Release|Any CPU.Build.0 = Release|Any CPU
	EndGlobalSection
	GlobalSection(SolutionProperties) = preSolution
		HideSolutionNode = FALSE
	EndGlobalSection
	GlobalSection(ExtensibilityGlobals) = postSolution
		SolutionGuid = {25CD05D6-715C-47F9-9310-7ABF73483E67}
	EndGlobalSection
EndGlobal
