
Microsoft Visual Studio Solution File, Format Version 12.00
# Visual Studio Version 16
VisualStudioVersion = 16.0.32413.511
MinimumVisualStudioVersion = 10.0.40219.1
Project("{FAE04EC0-301F-11D3-BF4B-00C04F79EFBC}") = "CodeFirstChallenge", "CodeFirstChallenge\CodeFirstChallenge.csproj", "{24D570AC-47D0-44DE-A86C-AE27A9322CA1}"
EndProject
Global
	GlobalSection(SolutionConfigurationPlatforms) = preSolution
		Debug|Any CPU = Debug|Any CPU
		Release|Any CPU = Release|Any CPU
	EndGlobalSection
	GlobalSection(ProjectConfigurationPlatforms) = postSolution
		{24D570AC-47D0-44DE-A86C-AE27A9322CA1}.Debug|Any CPU.ActiveCfg = Debug|Any CPU
		{24D570AC-47D0-44DE-A86C-AE27A9322CA1}.Debug|Any CPU.Build.0 = Debug|Any CPU
		{24D570AC-47D0-44DE-A86C-AE27A9322CA1}.Release|Any CPU.ActiveCfg = Release|Any CPU
		{24D570AC-47D0-44DE-A86C-AE27A9322CA1}.Release|Any CPU.Build.0 = Release|Any CPU
	EndGlobalSection
	GlobalSection(SolutionProperties) = preSolution
		HideSolutionNode = FALSE
	EndGlobalSection
	GlobalSection(ExtensibilityGlobals) = postSolution
		SolutionGuid = {A742A312-C630-48C0-864B-68EFB70F9C30}
	EndGlobalSection
EndGlobal
